
Microsoft Visual Studio Solution File, Format Version 12.00
# Visual Studio Version 17
VisualStudioVersion = 17.14.36203.30
MinimumVisualStudioVersion = 10.0.40219.1
Project("{2150E333-8FDC-42A3-9474-1A3956D46DE8}") = "Tests", "Tests", "{02EA681E-C7D8-13C7-8484-4AC65E1B71E8}"
EndProject
Project("{FAE04EC0-301F-11D3-BF4B-00C04F79EFBC}") = "NPV.Api.Tests", "NPV.Api.Tests\NPV.Api.Tests.csproj", "{18D302C9-4F4E-46C6-B44F-FBE1A98AF7DB}"
EndProject
Project("{FAE04EC0-301F-11D3-BF4B-00C04F79EFBC}") = "NPV.UI.Tests", "NPV.UI.Tests\NPV.UI.Tests.csproj", "{B7ABE294-E24F-C2AE-4D4F-3B1763D2E37E}"
EndProject
Project("{FAE04EC0-301F-11D3-BF4B-00C04F79EFBC}") = "NPV.Api", "NPV.Api\NPV.Api.csproj", "{73515620-948C-EFF0-340E-FDA220917B3A}"
EndProject
Project("{FAE04EC0-301F-11D3-BF4B-00C04F79EFBC}") = "NPV.UI", "NPV.UI\NPV.UI.csproj", "{42E177DE-8EB1-F29A-FEEF-039C485E2400}"
EndProject
Global
	GlobalSection(SolutionConfigurationPlatforms) = preSolution
		Debug|Any CPU = Debug|Any CPU
		Release|Any CPU = Release|Any CPU
	EndGlobalSection
	GlobalSection(ProjectConfigurationPlatforms) = postSolution
		{18D302C9-4F4E-46C6-B44F-FBE1A98AF7DB}.Debug|Any CPU.ActiveCfg = Debug|Any CPU
		{18D302C9-4F4E-46C6-B44F-FBE1A98AF7DB}.Debug|Any CPU.Build.0 = Debug|Any CPU
		{18D302C9-4F4E-46C6-B44F-FBE1A98AF7DB}.Release|Any CPU.ActiveCfg = Release|Any CPU
		{18D302C9-4F4E-46C6-B44F-FBE1A98AF7DB}.Release|Any CPU.Build.0 = Release|Any CPU
		{B7ABE294-E24F-C2AE-4D4F-3B1763D2E37E}.Debug|Any CPU.ActiveCfg = Debug|Any CPU
		{B7ABE294-E24F-C2AE-4D4F-3B1763D2E37E}.Debug|Any CPU.Build.0 = Debug|Any CPU
		{B7ABE294-E24F-C2AE-4D4F-3B1763D2E37E}.Release|Any CPU.ActiveCfg = Release|Any CPU
		{B7ABE294-E24F-C2AE-4D4F-3B1763D2E37E}.Release|Any CPU.Build.0 = Release|Any CPU
		{73515620-948C-EFF0-340E-FDA220917B3A}.Debug|Any CPU.ActiveCfg = Debug|Any CPU
		{73515620-948C-EFF0-340E-FDA220917B3A}.Debug|Any CPU.Build.0 = Debug|Any CPU
		{73515620-948C-EFF0-340E-FDA220917B3A}.Release|Any CPU.ActiveCfg = Release|Any CPU
		{73515620-948C-EFF0-340E-FDA220917B3A}.Release|Any CPU.Build.0 = Release|Any CPU
		{42E177DE-8EB1-F29A-FEEF-039C485E2400}.Debug|Any CPU.ActiveCfg = Debug|Any CPU
		{42E177DE-8EB1-F29A-FEEF-039C485E2400}.Debug|Any CPU.Build.0 = Debug|Any CPU
		{42E177DE-8EB1-F29A-FEEF-039C485E2400}.Release|Any CPU.ActiveCfg = Release|Any CPU
		{42E177DE-8EB1-F29A-FEEF-039C485E2400}.Release|Any CPU.Build.0 = Release|Any CPU
	EndGlobalSection
	GlobalSection(SolutionProperties) = preSolution
		HideSolutionNode = FALSE
	EndGlobalSection
	GlobalSection(NestedProjects) = preSolution
		{18D302C9-4F4E-46C6-B44F-FBE1A98AF7DB} = {02EA681E-C7D8-13C7-8484-4AC65E1B71E8}
		{B7ABE294-E24F-C2AE-4D4F-3B1763D2E37E} = {02EA681E-C7D8-13C7-8484-4AC65E1B71E8}
	EndGlobalSection
	GlobalSection(ExtensibilityGlobals) = postSolution
		SolutionGuid = {64BAD6A3-CF65-4EBF-825A-0768C737E312}
	EndGlobalSection
EndGlobal
